Microsoft Visual Studio Solution File, Format Version 11.00
# Visual Studio 2008

Project("{FDF785A1-8D0F-118C-C7AD-D841BEE7D6F7}") = "PlayerGame", "Assembly-CSharp.csproj", "{6F0218A3-EEAA-C8C2-F53E-33E3E6DF0F49}"
EndProject
Global
	GlobalSection(SolutionConfigurationPlatforms) = preSolution
		Debug|Any CPU = Debug|Any CPU
		Release|Any CPU = Release|Any CPU
	EndGlobalSection
	GlobalSection(ProjectConfigurationPlatforms) = postSolution
		{6F0218A3-EEAA-C8C2-F53E-33E3E6DF0F49}.Debug|Any CPU.ActiveCfg = Debug|Any CPU
		{6F0218A3-EEAA-C8C2-F53E-33E3E6DF0F49}.Debug|Any CPU.Build.0 = Debug|Any CPU
		{6F0218A3-EEAA-C8C2-F53E-33E3E6DF0F49}.Release|Any CPU.ActiveCfg = Release|Any CPU
		{6F0218A3-EEAA-C8C2-F53E-33E3E6DF0F49}.Release|Any CPU.Build.0 = Release|Any CPU
	EndGlobalSection
	GlobalSection(SolutionProperties) = preSolution
		HideSolutionNode = FALSE
	EndGlobalSection
	GlobalSection(MonoDevelopProperties) = preSolution
		StartupItem = Assembly-CSharp.csproj
	EndGlobalSection
EndGlobal
